// !$*UTF8*$!
{
	archiveVersion = 1;
	classes = {
	};
	objectVersion = 46;
	objects = {

/* Begin PBXBuildFile section */
		BEC1B0031B28CD64009B3387 /* AppDelegate.swift in Sources */ = {isa = PBXBuildFile; fileRef = BEC1B0021B28CD64009B3387 /* AppDelegate.swift */; };
		BEC1B0051B28CD64009B3387 /* ViewController.swift in Sources */ = {isa = PBXBuildFile; fileRef = BEC1B0041B28CD64009B3387 /* ViewController.swift */; };
		BEC1B0081B28CD64009B3387 /* Main.storyboard in Resources */ = {isa = PBXBuildFile; fileRef = BEC1B0061B28CD64009B3387 /* Main.storyboard */; };
		BEC1B00A1B28CD64009B3387 /* Assets.xcassets in Resources */ = {isa = PBXBuildFile; fileRef = BEC1B0091B28CD64009B3387 /* Assets.xcassets */; };
		BEC1B00D1B28CD64009B3387 /* LaunchScreen.storyboard in Resources */ = {isa = PBXBuildFile; fileRef = BEC1B00B1B28CD64009B3387 /* LaunchScreen.storyboard */; };
		BEC1B0181B28CD64009B3387 /* SimpleSwipeSwiftUITests.swift in Sources */ = {isa = PBXBuildFile; fileRef = BEC1B0171B28CD64009B3387 /* SimpleSwipeSwiftUITests.swift */; };
		BEC1B0231B28CE09009B3387 /* DraggableView.swift in Sources */ = {isa = PBXBuildFile; fileRef = BEC1B0221B28CE09009B3387 /* DraggableView.swift */; };
		BEC1B0251B28CE26009B3387 /* DraggableViewBackground.swift in Sources */ = {isa = PBXBuildFile; fileRef = BEC1B0241B28CE26009B3387 /* DraggableViewBackground.swift */; };
		BEC1B0271B28CE34009B3387 /* OverlayView.swift in Sources */ = {isa = PBXBuildFile; fileRef = BEC1B0261B28CE34009B3387 /* OverlayView.swift */; };
		BEC1B0291B28CEE9009B3387 /* Globals.swift in Sources */ = {isa = PBXBuildFile; fileRef = BEC1B0281B28CEE9009B3387 /* Globals.swift */; };
/* End PBXBuildFile section */

/* Begin PBXContainerItemProxy section */
		BEC1B0141B28CD64009B3387 /* PBXContainerItemProxy */ = {
			isa = PBXContainerItemProxy;
			containerPortal = BEC1AFF71B28CD64009B3387 /* Project object */;
			proxyType = 1;
			remoteGlobalIDString = BEC1AFFE1B28CD64009B3387;
			remoteInfo = SimpleSwipeSwift;
		};
/* End PBXContainerItemProxy section */

/* Begin PBXFileReference section */
		BEC1AFFF1B28CD64009B3387 /* SimpleSwipeSwift.app */ = {isa = PBXFileReference; explicitFileType = wrapper.application; includeInIndex = 0; path = SimpleSwipeSwift.app; sourceTree = BUILT_PRODUCTS_DIR; };
		BEC1B0021B28CD64009B3387 /* AppDelegate.swift */ = {isa = PBXFileReference; lastKnownFileType = sourcecode.swift; path = AppDelegate.swift; sourceTree = "<group>"; };
		BEC1B0041B28CD64009B3387 /* ViewController.swift */ = {isa = PBXFileReference; lastKnownFileType = sourcecode.swift; path = ViewController.swift; sourceTree = "<group>"; };
		BEC1B0071B28CD64009B3387 /* Base */ = {isa = PBXFileReference; lastKnownFileType = file.storyboard; name = Base; path = Base.lproj/Main.storyboard; sourceTree = "<group>"; };
		BEC1B0091B28CD64009B3387 /* Assets.xcassets */ = {isa = PBXFileReference; lastKnownFileType = folder.assetcatalog; path = Assets.xcassets; sourceTree = "<group>"; };
		BEC1B00C1B28CD64009B3387 /* Base */ = {isa = PBXFileReference; lastKnownFileType = file.storyboard; name = Base; path = Base.lproj/LaunchScreen.storyboard; sourceTree = "<group>"; };
		BEC1B00E1B28CD64009B3387 /* Info.plist */ = {isa = PBXFileReference; lastKnownFileType = text.plist.xml; path = Info.plist; sourceTree = "<group>"; };
		BEC1B0131B28CD64009B3387 /* SimpleSwipeSwiftUITests.xctest */ = {isa = PBXFileReference; explicitFileType = wrapper.cfbundle; includeInIndex = 0; path = SimpleSwipeSwiftUITests.xctest; sourceTree = BUILT_PRODUCTS_DIR; };
		BEC1B0171B28CD64009B3387 /* SimpleSwipeSwiftUITests.swift */ = {isa = PBXFileReference; lastKnownFileType = sourcecode.swift; path = SimpleSwipeSwiftUITests.swift; sourceTree = "<group>"; };
		BEC1B0191B28CD64009B3387 /* Info.plist */ = {isa = PBXFileReference; lastKnownFileType = text.plist.xml; path = Info.plist; sourceTree = "<group>"; };
		BEC1B0221B28CE09009B3387 /* DraggableView.swift */ = {isa = PBXFileReference; fileEncoding = 4; lastKnownFileType = sourcecode.swift; path = DraggableView.swift; sourceTree = "<group>"; };
		BEC1B0241B28CE26009B3387 /* DraggableViewBackground.swift */ = {isa = PBXFileReference; fileEncoding = 4; lastKnownFileType = sourcecode.swift; path = DraggableViewBackground.swift; sourceTree = "<group>"; };
		BEC1B0261B28CE34009B3387 /* OverlayView.swift */ = {isa = PBXFileReference; fileEncoding = 4; lastKnownFileType = sourcecode.swift; path = OverlayView.swift; sourceTree = "<group>"; };
		BEC1B0281B28CEE9009B3387 /* Globals.swift */ = {isa = PBXFileReference; fileEncoding = 4; lastKnownFileType = sourcecode.swift; path = Globals.swift; sourceTree = "<group>"; };
/* End PBXFileReference section */

/* Begin PBXFrameworksBuildPhase section */
		BEC1AFFC1B28CD64009B3387 /* Frameworks */ = {
			isa = PBXFrameworksBuildPhase;
			buildActionMask = 2147483647;
			files = (
			);
			runOnlyForDeploymentPostprocessing = 0;
		};
		BEC1B0101B28CD64009B3387 /* Frameworks */ = {
			isa = PBXFrameworksBuildPhase;
			buildActionMask = 2147483647;
			files = (
			);
			runOnlyForDeploymentPostprocessing = 0;
		};
/* End PBXFrameworksBuildPhase section */

/* Begin PBXGroup section */
		BEC1AFF61B28CD64009B3387 = {
			isa = PBXGroup;
			children = (
				BEC1B0011B28CD64009B3387 /* SimpleSwipeSwift */,
				BEC1B0161B28CD64009B3387 /* SimpleSwipeSwiftUITests */,
				BEC1B0001B28CD64009B3387 /* Products */,
			);
			sourceTree = "<group>";
		};
		BEC1B0001B28CD64009B3387 /* Products */ = {
			isa = PBXGroup;
			children = (
				BEC1AFFF1B28CD64009B3387 /* SimpleSwipeSwift.app */,
				BEC1B0131B28CD64009B3387 /* SimpleSwipeSwiftUITests.xctest */,
			);
			name = Products;
			sourceTree = "<group>";
		};
		BEC1B0011B28CD64009B3387 /* SimpleSwipeSwift */ = {
			isa = PBXGroup;
			children = (
				BEC1B0021B28CD64009B3387 /* AppDelegate.swift */,
				BEC1B0041B28CD64009B3387 /* ViewController.swift */,
				BEC1B0061B28CD64009B3387 /* Main.storyboard */,
				BEC1B0091B28CD64009B3387 /* Assets.xcassets */,
				BEC1B00B1B28CD64009B3387 /* LaunchScreen.storyboard */,
				BEC1B00E1B28CD64009B3387 /* Info.plist */,
				BEC1B0221B28CE09009B3387 /* DraggableView.swift */,
				BEC1B0241B28CE26009B3387 /* DraggableViewBackground.swift */,
				BEC1B0261B28CE34009B3387 /* OverlayView.swift */,
				BEC1B0281B28CEE9009B3387 /* Globals.swift */,
			);
			path = SimpleSwipeSwift;
			sourceTree = "<group>";
		};
		BEC1B0161B28CD64009B3387 /* SimpleSwipeSwiftUITests */ = {
			isa = PBXGroup;
			children = (
				BEC1B0171B28CD64009B3387 /* SimpleSwipeSwiftUITests.swift */,
				BEC1B0191B28CD64009B3387 /* Info.plist */,
			);
			path = SimpleSwipeSwiftUITests;
			sourceTree = "<group>";
		};
/* End PBXGroup section */

/* Begin PBXNativeTarget section */
		BEC1AFFE1B28CD64009B3387 /* SimpleSwipeSwift */ = {
			isa = PBXNativeTarget;
			buildConfigurationList = BEC1B01C1B28CD64009B3387 /* Build configuration list for PBXNativeTarget "SimpleSwipeSwift" */;
			buildPhases = (
				BEC1AFFB1B28CD64009B3387 /* Sources */,
				BEC1AFFC1B28CD64009B3387 /* Frameworks */,
				BEC1AFFD1B28CD64009B3387 /* Resources */,
			);
			buildRules = (
			);
			dependencies = (
			);
			name = SimpleSwipeSwift;
			productName = SimpleSwipeSwift;
			productReference = BEC1AFFF1B28CD64009B3387 /* SimpleSwipeSwift.app */;
			productType = "com.apple.product-type.application";
		};
		BEC1B0121B28CD64009B3387 /* SimpleSwipeSwiftUITests */ = {
			isa = PBXNativeTarget;
			buildConfigurationList = BEC1B01F1B28CD64009B3387 /* Build configuration list for PBXNativeTarget "SimpleSwipeSwiftUITests" */;
			buildPhases = (
				BEC1B00F1B28CD64009B3387 /* Sources */,
				BEC1B0101B28CD64009B3387 /* Frameworks */,
				BEC1B0111B28CD64009B3387 /* Resources */,
			);
			buildRules = (
			);
			dependencies = (
				BEC1B0151B28CD64009B3387 /* PBXTargetDependency */,
			);
			name = SimpleSwipeSwiftUITests;
			productName = SimpleSwipeSwiftUITests;
			productReference = BEC1B0131B28CD64009B3387 /* SimpleSwipeSwiftUITests.xctest */;
			productType = "com.apple.product-type.bundle.ui-testing";
		};
/* End PBXNativeTarget section */

/* Begin PBXProject section */
		BEC1AFF71B28CD64009B3387 /* Project object */ = {
			isa = PBXProject;
			attributes = {
				LastUpgradeCheck = 0700;
				ORGANIZATIONNAME = "Yan Yu";
				TargetAttributes = {
					BEC1AFFE1B28CD64009B3387 = {
						CreatedOnToolsVersion = 7.0;
					};
					BEC1B0121B28CD64009B3387 = {
						CreatedOnToolsVersion = 7.0;
						TestTargetID = BEC1AFFE1B28CD64009B3387;
					};
				};
			};
			buildConfigurationList = BEC1AFFA1B28CD64009B3387 /* Build configuration list for PBXProject "SimpleSwipeSwift" */;
			compatibilityVersion = "Xcode 3.2";
			developmentRegion = English;
			hasScannedForEncodings = 0;
			knownRegions = (
				en,
				Base,
			);
			mainGroup = BEC1AFF61B28CD64009B3387;
			productRefGroup = BEC1B0001B28CD64009B3387 /* Products */;
			projectDirPath = "";
			projectRoot = "";
			targets = (
				BEC1AFFE1B28CD64009B3387 /* SimpleSwipeSwift */,
				BEC1B0121B28CD64009B3387 /* SimpleSwipeSwiftUITests */,
			);
		};
/* End PBXProject section */

/* Begin PBXResourcesBuildPhase section */
		BEC1AFFD1B28CD64009B3387 /* Resources */ = {
			isa = PBXResourcesBuildPhase;
			buildActionMask = 2147483647;
			files = (
				BEC1B00D1B28CD64009B3387 /* LaunchScreen.storyboard in Resources */,
				BEC1B00A1B28CD64009B3387 /* Assets.xcassets in Resources */,
				BEC1B0081B28CD64009B3387 /* Main.storyboard in Resources */,
			);
			runOnlyForDeploymentPostprocessing = 0;
		};
		BEC1B0111B28CD64009B3387 /* Resources */ = {
			isa = PBXResourcesBuildPhase;
			buildActionMask = 2147483647;
			files = (
			);
			runOnlyForDeploymentPostprocessing = 0;
		};
/* End PBXResourcesBuildPhase section */

/* Begin PBXSourcesBuildPhase section */
		BEC1AFFB1B28CD64009B3387 /* Sources */ = {
			isa = PBXSourcesBuildPhase;
			buildActionMask = 2147483647;
			files = (
				BEC1B0251B28CE26009B3387 /* DraggableViewBackground.swift in Sources */,
				BEC1B0231B28CE09009B3387 /* DraggableView.swift in Sources */,
				BEC1B0291B28CEE9009B3387 /* Globals.swift in Sources */,
				BEC1B0051B28CD64009B3387 /* ViewController.swift in Sources */,
				BEC1B0031B28CD64009B3387 /* AppDelegate.swift in Sources */,
				BEC1B0271B28CE34009B3387 /* OverlayView.swift in Sources */,
			);
			runOnlyForDeploymentPostprocessing = 0;
		};
		BEC1B00F1B28CD64009B3387 /* Sources */ = {
			isa = PBXSourcesBuildPhase;
			buildActionMask = 2147483647;
			files = (
				BEC1B0181B28CD64009B3387 /* SimpleSwipeSwiftUITests.swift in Sources */,
			);
			runOnlyForDeploymentPostprocessing = 0;
		};
/* End PBXSourcesBuildPhase section */

/* Begin PBXTargetDependency section */
		BEC1B0151B28CD64009B3387 /* PBXTargetDependency */ = {
			isa = PBXTargetDependency;
			target = BEC1AFFE1B28CD64009B3387 /* SimpleSwipeSwift */;
			targetProxy = BEC1B0141B28CD64009B3387 /* PBXContainerItemProxy */;
		};
/* End PBXTargetDependency section */

/* Begin PBXVariantGroup section */
		BEC1B0061B28CD64009B3387 /* Main.storyboard */ = {
			isa = PBXVariantGroup;
			children = (
				BEC1B0071B28CD64009B3387 /* Base */,
			);
			name = Main.storyboard;
			sourceTree = "<group>";
		};
		BEC1B00B1B28CD64009B3387 /* LaunchScreen.storyboard */ = {
			isa = PBXVariantGroup;
			children = (
				BEC1B00C1B28CD64009B3387 /* Base */,
			);
			name = LaunchScreen.storyboard;
			sourceTree = "<group>";
		};
/* End PBXVariantGroup section */

/* Begin XCBuildConfiguration section */
		BEC1B01A1B28CD64009B3387 /* Debug */ = {
			isa = XCBuildConfiguration;
			buildSettings = {
				ALWAYS_SEARCH_USER_PATHS = NO;
				CLANG_CXX_LANGUAGE_STANDARD = "gnu++0x";
				CLANG_CXX_LIBRARY = "libc++";
				CLANG_ENABLE_MODULES = YES;
				CLANG_ENABLE_OBJC_ARC = YES;
				CLANG_WARN_BOOL_CONVERSION = YES;
				CLANG_WARN_CONSTANT_CONVERSION = YES;
				CLANG_WARN_DIRECT_OBJC_ISA_USAGE = YES_ERROR;
				CLANG_WARN_EMPTY_BODY = YES;
				CLANG_WARN_ENUM_CONVERSION = YES;
				CLANG_WARN_INT_CONVERSION = YES;
				CLANG_WARN_OBJC_ROOT_CLASS = YES_ERROR;
				CLANG_WARN_UNREACHABLE_CODE = YES;
				CLANG_WARN__DUPLICATE_METHOD_MATCH = YES;
				"CODE_SIGN_IDENTITY[sdk=iphoneos*]" = "iPhone Developer";
				COPY_PHASE_STRIP = NO;
				DEBUG_INFORMATION_FORMAT = dwarf;
				ENABLE_STRICT_OBJC_MSGSEND = YES;
				ENABLE_TESTABILITY = YES;
				GCC_C_LANGUAGE_STANDARD = gnu99;
				GCC_DYNAMIC_NO_PIC = NO;
				GCC_NO_COMMON_BLOCKS = YES;
				GCC_OPTIMIZATION_LEVEL = 0;
				GCC_PREPROCESSOR_DEFINITIONS = (
					"DEBUG=1",
					"$(inherited)",
				);
				GCC_WARN_64_TO_32_BIT_CONVERSION = YES;
				GCC_WARN_ABOUT_RETURN_TYPE = YES_ERROR;
				GCC_WARN_UNDECLARED_SELECTOR = YES;
				GCC_WARN_UNINITIALIZED_AUTOS = YES_AGGRESSIVE;
				GCC_WARN_UNUSED_FUNCTION = YES;
				GCC_WARN_UNUSED_VARIABLE = YES;
				IPHONEOS_DEPLOYMENT_TARGET = 9.0;
				MTL_ENABLE_DEBUG_INFO = YES;
				ONLY_ACTIVE_ARCH = YES;
				SDKROOT = iphoneos;
				SWIFT_OPTIMIZATION_LEVEL = "-Onone";
			};
			name = Debug;
		};
		BEC1B01B1B28CD64009B3387 /* Release */ = {
			isa = XCBuildConfiguration;
			buildSettings = {
				ALWAYS_SEARCH_USER_PATHS = NO;
				CLANG_CXX_LANGUAGE_STANDARD = "gnu++0x";
				CLANG_CXX_LIBRARY = "libc++";
				CLANG_ENABLE_MODULES = YES;
				CLANG_ENABLE_OBJC_ARC = YES;
				CLANG_WARN_BOOL_CONVERSION = YES;
				CLANG_WARN_CONSTANT_CONVERSION = YES;
				CLANG_WARN_DIRECT_OBJC_ISA_USAGE = YES_ERROR;
				CLANG_WARN_EMPTY_BODY = YES;
				CLANG_WARN_ENUM_CONVERSION = YES;
				CLANG_WARN_INT_CONVERSION = YES;
				CLANG_WARN_OBJC_ROOT_CLASS = YES_ERROR;
				CLANG_WARN_UNREACHABLE_CODE = YES;
				CLANG_WARN__DUPLICATE_METHOD_MATCH = YES;
				"CODE_SIGN_IDENTITY[sdk=iphoneos*]" = "iPhone Developer";
				COPY_PHASE_STRIP = NO;
				DEBUG_INFORMATION_FORMAT = "dwarf-with-dsym";
				ENABLE_NS_ASSERTIONS = NO;
				ENABLE_STRICT_OBJC_MSGSEND = YES;
				GCC_C_LANGUAGE_STANDARD = gnu99;
				GCC_NO_COMMON_BLOCKS = YES;
				GCC_WARN_64_TO_32_BIT_CONVERSION = YES;
				GCC_WARN_ABOUT_RETURN_TYPE = YES_ERROR;
				GCC_WARN_UNDECLARED_SELECTOR = YES;
				GCC_WARN_UNINITIALIZED_AUTOS = YES_AGGRESSIVE;
				GCC_WARN_UNUSED_FUNCTION = YES;
				GCC_WARN_UNUSED_VARIABLE = YES;
				IPHONEOS_DEPLOYMENT_TARGET = 9.0;
				MTL_ENABLE_DEBUG_INFO = NO;
				SDKROOT = iphoneos;
				VALIDATE_PRODUCT = YES;
			};
			name = Release;
		};
		BEC1B01D1B28CD64009B3387 /* Debug */ = {
			isa = XCBuildConfiguration;
			buildSettings = {
				ASSETCATALOG_COMPILER_APPICON_NAME = AppIcon;
				INFOPLIST_FILE = SimpleSwipeSwift/Info.plist;
				LD_RUNPATH_SEARCH_PATHS = "$(inherited) @executable_path/Frameworks";
				PRODUCT_BUNDLE_IDENTIFIER = com.willyee.SimpleSwipeSwift;
				PRODUCT_NAME = "$(TARGET_NAME)";
			};
			name = Debug;
		};
		BEC1B01E1B28CD64009B3387 /* Release */ = {
			isa = XCBuildConfiguration;
			buildSettings = {
				ASSETCATALOG_COMPILER_APPICON_NAME = AppIcon;
				INFOPLIST_FILE = SimpleSwipeSwift/Info.plist;
				LD_RUNPATH_SEARCH_PATHS = "$(inherited) @executable_path/Frameworks";
				PRODUCT_BUNDLE_IDENTIFIER = com.willyee.SimpleSwipeSwift;
				PRODUCT_NAME = "$(TARGET_NAME)";
			};
			name = Release;
		};
		BEC1B0201B28CD64009B3387 /* Debug */ = {
			isa = XCBuildConfiguration;
			buildSettings = {
				INFOPLIST_FILE = SimpleSwipeSwiftUITests/Info.plist;
				LD_RUNPATH_SEARCH_PATHS = "$(inherited) @executable_path/Frameworks @loader_path/Frameworks";
				PRODUCT_BUNDLE_IDENTIFIER = com.willyee.SimpleSwipeSwiftUITests;
				PRODUCT_NAME = "$(TARGET_NAME)";
				TEST_TARGET_NAME = SimpleSwipeSwift;
				USES_XCTRUNNER = YES;
			};
			name = Debug;
		};
		BEC1B0211B28CD64009B3387 /* Release */ = {
			isa = XCBuildConfiguration;
			buildSettings = {
				INFOPLIST_FILE = SimpleSwipeSwiftUITests/Info.plist;
				LD_RUNPATH_SEARCH_PATHS = "$(inherited) @executable_path/Frameworks @loader_path/Frameworks";
				PRODUCT_BUNDLE_IDENTIFIER = com.willyee.SimpleSwipeSwiftUITests;
				PRODUCT_NAME = "$(TARGET_NAME)";
				TEST_TARGET_NAME = SimpleSwipeSwift;
				USES_XCTRUNNER = YES;
			};
			name = Release;
		};
/* End XCBuildConfiguration section */

/* Begin XCConfigurationList section */
		BEC1AFFA1B28CD64009B3387 /* Build configuration list for PBXProject "SimpleSwipeSwift" */ = {
			isa = XCConfigurationList;
			buildConfigurations = (
				BEC1B01A1B28CD64009B3387 /* Debug */,
				BEC1B01B1B28CD64009B3387 /* Release */,
			);
			defaultConfigurationIsVisible = 0;
			defaultConfigurationName = Release;
		};
		BEC1B01C1B28CD64009B3387 /* Build configuration list for PBXNativeTarget "SimpleSwipeSwift" */ = {
			isa = XCConfigurationList;
			buildConfigurations = (
				BEC1B01D1B28CD64009B3387 /* Debug */,
				BEC1B01E1B28CD64009B3387 /* Release */,
			);
			defaultConfigurationIsVisible = 0;
		};
		BEC1B01F1B28CD64009B3387 /* Build configuration list for PBXNativeTarget "SimpleSwipeSwiftUITests" */ = {
			isa = XCConfigurationList;
			buildConfigurations = (
				BEC1B0201B28CD64009B3387 /* Debug */,
				BEC1B0211B28CD64009B3387 /* Release */,
			);
			defaultConfigurationIsVisible = 0;
		};
/* End XCConfigurationList section */
	};
	rootObject = BEC1AFF71B28CD64009B3387 /* Project object */;
}
